// !$*UTF8*$!
{
	archiveVersion = 1;
	classes = {
	};
	objectVersion = 46;
	objects = {

/* Begin PBXBuildFile section */
		B8E1539A164F46DC001E4A51 /* Foundation.framework in Frameworks */ = {isa = PBXBuildFile; fileRef = B8E15399164F46DC001E4A51 /* Foundation.framework */; };
		B8E153A8164F46DD001E4A51 /* SenTestingKit.framework in Frameworks */ = {isa = PBXBuildFile; fileRef = B8E153A7164F46DD001E4A51 /* SenTestingKit.framework */; };
		B8E153AB164F46DD001E4A51 /* Foundation.framework in Frameworks */ = {isa = PBXBuildFile; fileRef = B8E15399164F46DC001E4A51 /* Foundation.framework */; };
		B8E153AE164F46DD001E4A51 /* libISO-Tools.a in Frameworks */ = {isa = PBXBuildFile; fileRef = B8E15396164F46DC001E4A51 /* libISO-Tools.a */; };
		B8E153B4164F46DD001E4A51 /* InfoPlist.strings in Resources */ = {isa = PBXBuildFile; fileRef = B8E153B2164F46DD001E4A51 /* InfoPlist.strings */; };
		B8E153B7164F46DD001E4A51 /* ISO_ToolsTests.m in Sources */ = {isa = PBXBuildFile; fileRef = B8E153B6164F46DD001E4A51 /* ISO_ToolsTests.m */; };
		B8E153CD164F4A76001E4A51 /* ISO-Tools-Prefix.pch in Headers */ = {isa = PBXBuildFile; fileRef = B8E153CC164F4A76001E4A51 /* ISO-Tools-Prefix.pch */; };
/* End PBXBuildFile section */

/* Begin PBXContainerItemProxy section */
		B8E153AC164F46DD001E4A51 /* PBXContainerItemProxy */ = {
			isa = PBXContainerItemProxy;
			containerPortal = B8E1538D164F46DC001E4A51 /* Project object */;
			proxyType = 1;
			remoteGlobalIDString = B8E15395164F46DC001E4A51;
			remoteInfo = "ISO-Tools";
		};
/* End PBXContainerItemProxy section */

/* Begin PBXFileReference section */
		B8E15396164F46DC001E4A51 /* libISO-Tools.a */ = {isa = PBXFileReference; explicitFileType = archive.ar; includeInIndex = 0; path = "libISO-Tools.a"; sourceTree = BUILT_PRODUCTS_DIR; };
		B8E15399164F46DC001E4A51 /* Foundation.framework */ = {isa = PBXFileReference; lastKnownFileType = wrapper.framework; name = Foundation.framework; path = System/Library/Frameworks/Foundation.framework; sourceTree = SDKROOT; };
		B8E153A6164F46DD001E4A51 /* ISO-ToolsTests.octest */ = {isa = PBXFileReference; explicitFileType = wrapper.cfbundle; includeInIndex = 0; path = "ISO-ToolsTests.octest"; sourceTree = BUILT_PRODUCTS_DIR; };
		B8E153A7164F46DD001E4A51 /* SenTestingKit.framework */ = {isa = PBXFileReference; lastKnownFileType = wrapper.framework; name = SenTestingKit.framework; path = Library/Frameworks/SenTestingKit.framework; sourceTree = DEVELOPER_DIR; };
		B8E153B1164F46DD001E4A51 /* ISO-ToolsTests-Info.plist */ = {isa = PBXFileReference; lastKnownFileType = text.plist.xml; path = "ISO-ToolsTests-Info.plist"; sourceTree = "<group>"; };
		B8E153B3164F46DD001E4A51 /* en */ = {isa = PBXFileReference; lastKnownFileType = text.plist.strings; name = en; path = en.lproj/InfoPlist.strings; sourceTree = "<group>"; };
		B8E153B5164F46DD001E4A51 /* ISO_ToolsTests.h */ = {isa = PBXFileReference; lastKnownFileType = sourcecode.c.h; path = ISO_ToolsTests.h; sourceTree = "<group>"; };
		B8E153B6164F46DD001E4A51 /* ISO_ToolsTests.m */ = {isa = PBXFileReference; lastKnownFileType = sourcecode.c.objc; path = ISO_ToolsTests.m; sourceTree = "<group>"; };
		B8E153CC164F4A76001E4A51 /* ISO-Tools-Prefix.pch */ = {isa = PBXFileReference; fileEncoding = 4; lastKnownFileType = sourcecode.c.h; name = "ISO-Tools-Prefix.pch"; path = "src/ISO-Tools-Prefix.pch"; sourceTree = SOURCE_ROOT; };
/* End PBXFileReference section */

/* Begin PBXFrameworksBuildPhase section */
		B8E15393164F46DC001E4A51 /* Frameworks */ = {
			isa = PBXFrameworksBuildPhase;
			buildActionMask = 2147483647;
			files = (
				B8E1539A164F46DC001E4A51 /* Foundation.framework in Frameworks */,
			);
			runOnlyForDeploymentPostprocessing = 0;
		};
		B8E153A2164F46DD001E4A51 /* Frameworks */ = {
			isa = PBXFrameworksBuildPhase;
			buildActionMask = 2147483647;
			files = (
				B8E153A8164F46DD001E4A51 /* SenTestingKit.framework in Frameworks */,
				B8E153AB164F46DD001E4A51 /* Foundation.framework in Frameworks */,
				B8E153AE164F46DD001E4A51 /* libISO-Tools.a in Frameworks */,
			);
			runOnlyForDeploymentPostprocessing = 0;
		};
/* End PBXFrameworksBuildPhase section */

/* Begin PBXGroup section */
		B8E1538B164F46DC001E4A51 = {
			isa = PBXGroup;
			children = (
				B8E1539B164F46DC001E4A51 /* src */,
				B8E153AF164F46DD001E4A51 /* ISO-ToolsTests */,
				B8E15398164F46DC001E4A51 /* Frameworks */,
				B8E15397164F46DC001E4A51 /* Products */,
			);
			sourceTree = "<group>";
		};
		B8E15397164F46DC001E4A51 /* Products */ = {
			isa = PBXGroup;
			children = (
				B8E15396164F46DC001E4A51 /* libISO-Tools.a */,
				B8E153A6164F46DD001E4A51 /* ISO-ToolsTests.octest */,
			);
			name = Products;
			sourceTree = "<group>";
		};
		B8E15398164F46DC001E4A51 /* Frameworks */ = {
			isa = PBXGroup;
			children = (
				B8E15399164F46DC001E4A51 /* Foundation.framework */,
				B8E153A7164F46DD001E4A51 /* SenTestingKit.framework */,
			);
			name = Frameworks;
			sourceTree = "<group>";
		};
		B8E1539B164F46DC001E4A51 /* src */ = {
			isa = PBXGroup;
			children = (
				B8E1539C164F46DC001E4A51 /* Supporting Files */,
			);
			name = src;
			path = "ISO-Tools";
			sourceTree = "<group>";
		};
		B8E1539C164F46DC001E4A51 /* Supporting Files */ = {
			isa = PBXGroup;
			children = (
				B8E153CC164F4A76001E4A51 /* ISO-Tools-Prefix.pch */,
			);
			name = "Supporting Files";
			sourceTree = "<group>";
		};
		B8E153AF164F46DD001E4A51 /* ISO-ToolsTests */ = {
			isa = PBXGroup;
			children = (
				B8E153B5164F46DD001E4A51 /* ISO_ToolsTests.h */,
				B8E153B6164F46DD001E4A51 /* ISO_ToolsTests.m */,
				B8E153B0164F46DD001E4A51 /* Supporting Files */,
			);
			path = "ISO-ToolsTests";
			sourceTree = "<group>";
		};
		B8E153B0164F46DD001E4A51 /* Supporting Files */ = {
			isa = PBXGroup;
			children = (
				B8E153B1164F46DD001E4A51 /* ISO-ToolsTests-Info.plist */,
				B8E153B2164F46DD001E4A51 /* InfoPlist.strings */,
			);
			name = "Supporting Files";
			sourceTree = "<group>";
		};
/* End PBXGroup section */

/* Begin PBXHeadersBuildPhase section */
		B8E15394164F46DC001E4A51 /* Headers */ = {
			isa = PBXHeadersBuildPhase;
			buildActionMask = 2147483647;
			files = (
				B8E153CD164F4A76001E4A51 /* ISO-Tools-Prefix.pch in Headers */,
			);
			runOnlyForDeploymentPostprocessing = 0;
		};
/* End PBXHeadersBuildPhase section */

/* Begin PBXNativeTarget section */
		B8E15395164F46DC001E4A51 /* ISO-Tools */ = {
			isa = PBXNativeTarget;
			buildConfigurationList = B8E153BA164F46DD001E4A51 /* Build configuration list for PBXNativeTarget "ISO-Tools" */;
			buildPhases = (
				B8E15392164F46DC001E4A51 /* Sources */,
				B8E15393164F46DC001E4A51 /* Frameworks */,
				B8E15394164F46DC001E4A51 /* Headers */,
			);
			buildRules = (
			);
			dependencies = (
			);
			name = "ISO-Tools";
			productName = "ISO-Tools";
			productReference = B8E15396164F46DC001E4A51 /* libISO-Tools.a */;
			productType = "com.apple.product-type.library.static";
		};
		B8E153A5164F46DD001E4A51 /* ISO-ToolsTests */ = {
			isa = PBXNativeTarget;
			buildConfigurationList = B8E153BD164F46DD001E4A51 /* Build configuration list for PBXNativeTarget "ISO-ToolsTests" */;
			buildPhases = (
				B8E153A1164F46DD001E4A51 /* Sources */,
				B8E153A2164F46DD001E4A51 /* Frameworks */,
				B8E153A3164F46DD001E4A51 /* Resources */,
				B8E153A4164F46DD001E4A51 /* ShellScript */,
			);
			buildRules = (
			);
			dependencies = (
				B8E153AD164F46DD001E4A51 /* PBXTargetDependency */,
			);
			name = "ISO-ToolsTests";
			productName = "ISO-ToolsTests";
			productReference = B8E153A6164F46DD001E4A51 /* ISO-ToolsTests.octest */;
			productType = "com.apple.product-type.bundle";
		};
/* End PBXNativeTarget section */

/* Begin PBXProject section */
		B8E1538D164F46DC001E4A51 /* Project object */ = {
			isa = PBXProject;
			attributes = {
				LastUpgradeCheck = 0430;
			};
			buildConfigurationList = B8E15390164F46DC001E4A51 /* Build configuration list for PBXProject "ISO-Tools" */;
			compatibilityVersion = "Xcode 3.2";
			developmentRegion = English;
			hasScannedForEncodings = 0;
			knownRegions = (
				en,
			);
			mainGroup = B8E1538B164F46DC001E4A51;
			productRefGroup = B8E15397164F46DC001E4A51 /* Products */;
			projectDirPath = "";
			projectRoot = "";
			targets = (
				B8E15395164F46DC001E4A51 /* ISO-Tools */,
				B8E153A5164F46DD001E4A51 /* ISO-ToolsTests */,
			);
		};
/* End PBXProject section */

/* Begin PBXResourcesBuildPhase section */
		B8E153A3164F46DD001E4A51 /* Resources */ = {
			isa = PBXResourcesBuildPhase;
			buildActionMask = 2147483647;
			files = (
				B8E153B4164F46DD001E4A51 /* InfoPlist.strings in Resources */,
			);
			runOnlyForDeploymentPostprocessing = 0;
		};
/* End PBXResourcesBuildPhase section */

/* Begin PBXShellScriptBuildPhase section */
		B8E153A4164F46DD001E4A51 /* ShellScript */ = {
			isa = PBXShellScriptBuildPhase;
			buildActionMask = 2147483647;
			files = (
			);
			inputPaths = (
			);
			outputPaths = (
			);
			runOnlyForDeploymentPostprocessing = 0;
			shellPath = /bin/sh;
			shellScript = "# Run the unit tests in this test bundle.\n\"${SYSTEM_DEVELOPER_DIR}/Tools/RunUnitTests\"\n";
		};
/* End PBXShellScriptBuildPhase section */

/* Begin PBXSourcesBuildPhase section */
		B8E15392164F46DC001E4A51 /* Sources */ = {
			isa = PBXSourcesBuildPhase;
			buildActionMask = 2147483647;
			files = (
			);
			runOnlyForDeploymentPostprocessing = 0;
		};
		B8E153A1164F46DD001E4A51 /* Sources */ = {
			isa = PBXSourcesBuildPhase;
			buildActionMask = 2147483647;
			files = (
				B8E153B7164F46DD001E4A51 /* ISO_ToolsTests.m in Sources */,
			);
			runOnlyForDeploymentPostprocessing = 0;
		};
/* End PBXSourcesBuildPhase section */

/* Begin PBXTargetDependency section */
		B8E153AD164F46DD001E4A51 /* PBXTargetDependency */ = {
			isa = PBXTargetDependency;
			target = B8E15395164F46DC001E4A51 /* ISO-Tools */;
			targetProxy = B8E153AC164F46DD001E4A51 /* PBXContainerItemProxy */;
		};
/* End PBXTargetDependency section */

/* Begin PBXVariantGroup section */
		B8E153B2164F46DD001E4A51 /* InfoPlist.strings */ = {
			isa = PBXVariantGroup;
			children = (
				B8E153B3164F46DD001E4A51 /* en */,
			);
			name = InfoPlist.strings;
			sourceTree = "<group>";
		};
/* End PBXVariantGroup section */

/* Begin XCBuildConfiguration section */
		B8E153B8164F46DD001E4A51 /* Debug */ = {
			isa = XCBuildConfiguration;
			buildSettings = {
				ALWAYS_SEARCH_USER_PATHS = NO;
				ARCHS = "$(ARCHS_STANDARD_32_BIT)";
				CLANG_ENABLE_OBJC_ARC = YES;
				COPY_PHASE_STRIP = NO;
				GCC_C_LANGUAGE_STANDARD = gnu99;
				GCC_DYNAMIC_NO_PIC = NO;
				GCC_OPTIMIZATION_LEVEL = 0;
				GCC_PREPROCESSOR_DEFINITIONS = (
					"DEBUG=1",
					"$(inherited)",
				);
				GCC_SYMBOLS_PRIVATE_EXTERN = NO;
				GCC_VERSION = com.apple.compilers.llvm.clang.1_0;
				GCC_WARN_ABOUT_RETURN_TYPE = YES;
				GCC_WARN_UNINITIALIZED_AUTOS = YES;
				GCC_WARN_UNUSED_VARIABLE = YES;
				IPHONEOS_DEPLOYMENT_TARGET = 6.0;
				SDKROOT = iphoneos;
			};
			name = Debug;
		};
		B8E153B9164F46DD001E4A51 /* Release */ = {
			isa = XCBuildConfiguration;
			buildSettings = {
				ALWAYS_SEARCH_USER_PATHS = NO;
				ARCHS = "$(ARCHS_STANDARD_32_BIT)";
				CLANG_ENABLE_OBJC_ARC = YES;
				COPY_PHASE_STRIP = YES;
				GCC_C_LANGUAGE_STANDARD = gnu99;
				GCC_VERSION = com.apple.compilers.llvm.clang.1_0;
				GCC_WARN_ABOUT_RETURN_TYPE = YES;
				GCC_WARN_UNINITIALIZED_AUTOS = YES;
				GCC_WARN_UNUSED_VARIABLE = YES;
				IPHONEOS_DEPLOYMENT_TARGET = 6.0;
				SDKROOT = iphoneos;
				VALIDATE_PRODUCT = YES;
			};
			name = Release;
		};
		B8E153BB164F46DD001E4A51 /* Debug */ = {
			isa = XCBuildConfiguration;
			buildSettings = {
				DSTROOT = /tmp/ISO_Tools.dst;
				GCC_PRECOMPILE_PREFIX_HEADER = YES;
				GCC_PREFIX_HEADER = "src/ISO-Tools-Prefix.pch";
				OTHER_LDFLAGS = "-ObjC";
				PRODUCT_NAME = "$(TARGET_NAME)";
				SKIP_INSTALL = YES;
			};
			name = Debug;
		};
		B8E153BC164F46DD001E4A51 /* Release */ = {
			isa = XCBuildConfiguration;
			buildSettings = {
				DSTROOT = /tmp/ISO_Tools.dst;
				GCC_PRECOMPILE_PREFIX_HEADER = YES;
				GCC_PREFIX_HEADER = "src/ISO-Tools-Prefix.pch";
				OTHER_LDFLAGS = "-ObjC";
				PRODUCT_NAME = "$(TARGET_NAME)";
				SKIP_INSTALL = YES;
			};
			name = Release;
		};
		B8E153BE164F46DD001E4A51 /* Debug */ = {
			isa = XCBuildConfiguration;
			buildSettings = {
				FRAMEWORK_SEARCH_PATHS = (
					"$(SDKROOT)/Developer/Library/Frameworks",
					"$(DEVELOPER_LIBRARY_DIR)/Frameworks",
				);
				GCC_PRECOMPILE_PREFIX_HEADER = YES;
				GCC_PREFIX_HEADER = "src/ISO-Tools-Prefix.pch";
				INFOPLIST_FILE = "ISO-ToolsTests/ISO-ToolsTests-Info.plist";
				PRODUCT_NAME = "$(TARGET_NAME)";
				WRAPPER_EXTENSION = octest;
			};
			name = Debug;
		};
		B8E153BF164F46DD001E4A51 /* Release */ = {
			isa = XCBuildConfiguration;
			buildSettings = {
				FRAMEWORK_SEARCH_PATHS = (
					"$(SDKROOT)/Developer/Library/Frameworks",
					"$(DEVELOPER_LIBRARY_DIR)/Frameworks",
				);
				GCC_PRECOMPILE_PREFIX_HEADER = YES;
				GCC_PREFIX_HEADER = "src/ISO-Tools-Prefix.pch";
				INFOPLIST_FILE = "ISO-ToolsTests/ISO-ToolsTests-Info.plist";
				PRODUCT_NAME = "$(TARGET_NAME)";
				WRAPPER_EXTENSION = octest;
			};
			name = Release;
		};
/* End XCBuildConfiguration section */

/* Begin XCConfigurationList section */
		B8E15390164F46DC001E4A51 /* Build configuration list for PBXProject "ISO-Tools" */ = {
			isa = XCConfigurationList;
			buildConfigurations = (
				B8E153B8164F46DD001E4A51 /* Debug */,
				B8E153B9164F46DD001E4A51 /* Release */,
			);
			defaultConfigurationIsVisible = 0;
			defaultConfigurationName = Release;
		};
		B8E153BA164F46DD001E4A51 /* Build configuration list for PBXNativeTarget "ISO-Tools" */ = {
			isa = XCConfigurationList;
			buildConfigurations = (
				B8E153BB164F46DD001E4A51 /* Debug */,
				B8E153BC164F46DD001E4A51 /* Release */,
			);
			defaultConfigurationIsVisible = 0;
			defaultConfigurationName = Release;
		};
		B8E153BD164F46DD001E4A51 /* Build configuration list for PBXNativeTarget "ISO-ToolsTests" */ = {
			isa = XCConfigurationList;
			buildConfigurations = (
				B8E153BE164F46DD001E4A51 /* Debug */,
				B8E153BF164F46DD001E4A51 /* Release */,
			);
			defaultConfigurationIsVisible = 0;
			defaultConfigurationName = Release;
		};
/* End XCConfigurationList section */
	};
	rootObject = B8E1538D164F46DC001E4A51 /* Project object */;
}
